{
    "_meta": {
        "hash": {
            "sha256": "16f6d879486b4e80f5687918155b9540323a6175d3889fb73a82ac3f1e895e85"
        },
        "pipfile-spec": 6,
        "requires": {
            "python_version": "3.10"
        },
        "sources": [
            {
                "name": "pypi",
                "url": "https://pypi.org/simple",
                "verify_ssl": true
            }
        ]
    },
    "default": {
        "midiutil": {
            "hashes": [
                "sha256:79fa983bd1efc60785f68a8fe78fa8f45b8d7ec5898bf7cb7f3f7f3336d6a90a"
            ],
            "index": "pypi",
            "version": "==1.2.1"
        }
    },
    "develop": {}
}
