{
    "_meta": {
        "hash": {
            "sha256": "3d518401f9ef0d9b846b2c03ce63ce3fbcce93d58df591e1c1efb04637b120de"
        },
        "pipfile-spec": 6,
        "requires": {
            "python_version": "3.7"
        },
        "sources": [
            {
                "name": "pypi",
                "url": "https://pypi.org/simple",
                "verify_ssl": true
            }
        ]
    },
    "default": {
        "midiutil": {
            "hashes": [
                "sha256:79fa983bd1efc60785f68a8fe78fa8f45b8d7ec5898bf7cb7f3f7f3336d6a90a"
            ],
            "index": "pypi",
            "version": "==1.2.1"
        }
    },
    "develop": {}
}
